<Solution>
  <Project Path="KnowledgeTracker.Application/KnowledgeTracker.Application.csproj" />
  <Project Path="KnowledgeTracker.Tests/KnowledgeTracker.Tests.csproj" />
  <Project Path="KnowledgeTracker.Data/KnowledgeTracker.Data.csproj" />
  <Project Path="KnowledgeTracker.Domain/KnowledgeTracker.Domain.csproj" />
  <Project Path="KnowledgeTracker.Infrastructure/KnowledgeTracker.Infrastructure.csproj" />
  <Project Path="KnowledgeTracker.Web/KnowledgeTracker.Web.csproj" />
</Solution>
